{
  "name": "word-fling",
  "version": "1.0.0",
  "lockfileVersion": 2,
  "requires": true,
  "packages": {
    "": {
      "name": "word-fling",
      "version": "1.0.0",
      "license": "ISC",
      "dependencies": {
        "async": "^1.4.2",
        "bcryptjs": "^2.2.1",
        "commander": "^2.8.1",
        "debug": "^2.2.0",
        "lodash": "^3.10.1",
        "redis": "^1.0.0"
      },
      "devDependencies": {
        "should": "^7.1.0"
      }
    },
    "node_modules/async": {
      "version": "1.5.2",
      "resolved": "https://registry.npmjs.org/async/-/async-1.5.2.tgz",
      "integrity": "sha1-7GphrlZIDAw8skHJVhjiCJL5Zyo="
    },
    "node_modules/bcryptjs": {
      "version": "2.4.3",
      "resolved": "https://registry.npmjs.org/bcryptjs/-/bcryptjs-2.4.3.tgz",
      "integrity": "sha1-mrVie5PmBiH/fNrF2pczAn3x0Ms="
    },
    "node_modules/commander": {
      "version": "2.20.3",
      "resolved": "https://registry.npmjs.org/commander/-/commander-2.20.3.tgz",
      "integrity": "sha512-GpVkmM8vF2vQUkj2LvZmD35JxeJOLCwJ9cUkugyk2nuhbv3+mJvpLYYt+0+USMxE+oj+ey/lJEnhZw75x/OMcQ=="
    },
    "node_modules/debug": {
      "version": "2.6.9",
      "resolved": "https://registry.npmjs.org/debug/-/debug-2.6.9.tgz",
      "integrity": "sha512-bC7ElrdJaJnPbAP+1EotYvqZsb3ecl5wi6Bfi6BJTUcNowp6cvspg0jXznRTKDjm/E7AdgFBVeAPVMNcKGsHMA==",
      "dependencies": {
        "ms": "2.0.0"
      }
    },
    "node_modules/lodash": {
      "version": "3.10.1",
      "resolved": "https://registry.npmjs.org/lodash/-/lodash-3.10.1.tgz",
      "integrity": "sha1-W/Rejkm6QYnhfUgnid/RW9FAt7Y="
    },
    "node_modules/ms": {
      "version": "2.0.0",
      "resolved": "https://registry.npmjs.org/ms/-/ms-2.0.0.tgz",
      "integrity": "sha1-VgiurfwAvmwpAd9fmGF4jeDVl8g="
    },
    "node_modules/redis": {
      "version": "1.0.0",
      "resolved": "https://registry.npmjs.org/redis/-/redis-1.0.0.tgz",
      "integrity": "sha1-VhLYMrJTWowOjYG0LGOvMw07tnc="
    },
    "node_modules/should": {
      "version": "7.1.1",
      "resolved": "https://registry.npmjs.org/should/-/should-7.1.1.tgz",
      "integrity": "sha1-ZGTEi298Hh8YrASDV4+i3VXCxuA=",
      "dev": true,
      "dependencies": {
        "should-equal": "0.5.0",
        "should-format": "0.3.1",
        "should-type": "0.2.0"
      }
    },
    "node_modules/should-equal": {
      "version": "0.5.0",
      "resolved": "https://registry.npmjs.org/should-equal/-/should-equal-0.5.0.tgz",
      "integrity": "sha1-x5fxNfMGf+tp6+zbMGscP+IbPm8=",
      "dev": true,
      "dependencies": {
        "should-type": "0.2.0"
      }
    },
    "node_modules/should-format": {
      "version": "0.3.1",
      "resolved": "https://registry.npmjs.org/should-format/-/should-format-0.3.1.tgz",
      "integrity": "sha1-LLt4JGFnCs5CkrKx7EaNuM+Z4zA=",
      "dev": true,
      "dependencies": {
        "should-type": "0.2.0"
      }
    },
    "node_modules/should-type": {
      "version": "0.2.0",
      "resolved": "https://registry.npmjs.org/should-type/-/should-type-0.2.0.tgz",
      "integrity": "sha1-ZwfvlVKdmJ3MCY/gdTqx+RNrt/Y=",
      "dev": true
    }
  },
  "dependencies": {
    "async": {
      "version": "1.5.2",
      "resolved": "https://registry.npmjs.org/async/-/async-1.5.2.tgz",
      "integrity": "sha1-7GphrlZIDAw8skHJVhjiCJL5Zyo="
    },
    "bcryptjs": {
      "version": "2.4.3",
      "resolved": "https://registry.npmjs.org/bcryptjs/-/bcryptjs-2.4.3.tgz",
      "integrity": "sha1-mrVie5PmBiH/fNrF2pczAn3x0Ms="
    },
    "commander": {
      "version": "2.20.3",
      "resolved": "https://registry.npmjs.org/commander/-/commander-2.20.3.tgz",
      "integrity": "sha512-GpVkmM8vF2vQUkj2LvZmD35JxeJOLCwJ9cUkugyk2nuhbv3+mJvpLYYt+0+USMxE+oj+ey/lJEnhZw75x/OMcQ=="
    },
    "debug": {
      "version": "2.6.9",
      "resolved": "https://registry.npmjs.org/debug/-/debug-2.6.9.tgz",
      "integrity": "sha512-bC7ElrdJaJnPbAP+1EotYvqZsb3ecl5wi6Bfi6BJTUcNowp6cvspg0jXznRTKDjm/E7AdgFBVeAPVMNcKGsHMA==",
      "requires": {
        "ms": "2.0.0"
      }
    },
    "lodash": {
      "version": "3.10.1",
      "resolved": "https://registry.npmjs.org/lodash/-/lodash-3.10.1.tgz",
      "integrity": "sha1-W/Rejkm6QYnhfUgnid/RW9FAt7Y="
    },
    "ms": {
      "version": "2.0.0",
      "resolved": "https://registry.npmjs.org/ms/-/ms-2.0.0.tgz",
      "integrity": "sha1-VgiurfwAvmwpAd9fmGF4jeDVl8g="
    },
    "redis": {
      "version": "1.0.0",
      "resolved": "https://registry.npmjs.org/redis/-/redis-1.0.0.tgz",
      "integrity": "sha1-VhLYMrJTWowOjYG0LGOvMw07tnc="
    },
    "should": {
      "version": "7.1.1",
      "resolved": "https://registry.npmjs.org/should/-/should-7.1.1.tgz",
      "integrity": "sha1-ZGTEi298Hh8YrASDV4+i3VXCxuA=",
      "dev": true,
      "requires": {
        "should-equal": "0.5.0",
        "should-format": "0.3.1",
        "should-type": "0.2.0"
      }
    },
    "should-equal": {
      "version": "0.5.0",
      "resolved": "https://registry.npmjs.org/should-equal/-/should-equal-0.5.0.tgz",
      "integrity": "sha1-x5fxNfMGf+tp6+zbMGscP+IbPm8=",
      "dev": true,
      "requires": {
        "should-type": "0.2.0"
      }
    },
    "should-format": {
      "version": "0.3.1",
      "resolved": "https://registry.npmjs.org/should-format/-/should-format-0.3.1.tgz",
      "integrity": "sha1-LLt4JGFnCs5CkrKx7EaNuM+Z4zA=",
      "dev": true,
      "requires": {
        "should-type": "0.2.0"
      }
    },
    "should-type": {
      "version": "0.2.0",
      "resolved": "https://registry.npmjs.org/should-type/-/should-type-0.2.0.tgz",
      "integrity": "sha1-ZwfvlVKdmJ3MCY/gdTqx+RNrt/Y=",
      "dev": true
    }
  }
}
